
Microsoft Visual Studio Solution File, Format Version 12.00
# Visual Studio Version 17
VisualStudioVersion = 17.12.35728.132
MinimumVisualStudioVersion = 10.0.40219.1
Project("{9A19103F-16F7-4668-BE54-9A1E7A4F7556}") = "Model", "Model\Model.csproj", "{A479F202-1CC4-436E-8751-D9C804077AF7}"
EndProject
Project("{9A19103F-16F7-4668-BE54-9A1E7A4F7556}") = "View", "View\View.csproj", "{D9F0809B-A2F7-4385-B4CB-190DE57398A0}"
EndProject
Project("{9A19103F-16F7-4668-BE54-9A1E7A4F7556}") = "ViewModel", "ViewModel\ViewModel.csproj", "{1C260331-6B67-42C8-92DA-85B109487B42}"
EndProject
Project("{2150E333-8FDC-42A3-9474-1A3956D46DE8}") = "MVVM", "MVVM", "{BB1B58C2-206D-4049-ADF3-611BA45D378F}"
EndProject
Project("{9A19103F-16F7-4668-BE54-9A1E7A4F7556}") = "Tests", "Tests\Tests.csproj", "{77349C1C-F748-43B6-ADAC-D5898AEC33CB}"
EndProject
Project("{9A19103F-16F7-4668-BE54-9A1E7A4F7556}") = "Data", "Data\Data.csproj", "{E265BA46-B3BF-426F-82A5-09BE4520E163}"
EndProject
Project("{9A19103F-16F7-4668-BE54-9A1E7A4F7556}") = "Logic", "Logic\Logic.csproj", "{9363B56D-C438-4245-A403-098B1BC13D5E}"
EndProject
Project("{2150E333-8FDC-42A3-9474-1A3956D46DE8}") = "Solution Items", "Solution Items", "{8EC462FD-D22E-90A8-E5CE-7E832BA40C5D}"
	ProjectSection(SolutionItems) = preProject
		README.md = README.md
	EndProjectSection
EndProject
Project("{9A19103F-16F7-4668-BE54-9A1E7A4F7556}") = "ServerData", "ServerData\ServerData.csproj", "{43F85904-427C-45F2-A159-FCBBD1DE21D7}"
EndProject
Project("{9A19103F-16F7-4668-BE54-9A1E7A4F7556}") = "ServerLogic", "ServerLogic\ServerLogic.csproj", "{A268DF59-FD9A-403F-9A7E-3D6B1A0B0560}"
EndProject
Project("{9A19103F-16F7-4668-BE54-9A1E7A4F7556}") = "ServerPresentation", "ServerPresentation\ServerPresentation.csproj", "{FF24242D-F348-4CD7-8BF2-F6B108A096ED}"
EndProject
Project("{2150E333-8FDC-42A3-9474-1A3956D46DE8}") = "Client", "Client", "{4F6CD9D6-4EA7-4672-8B74-88E72FED491F}"
EndProject
Project("{2150E333-8FDC-42A3-9474-1A3956D46DE8}") = "Server", "Server", "{52E88F8E-A66E-4409-BF69-D5726884EAD4}"
EndProject
Global
	GlobalSection(SolutionConfigurationPlatforms) = preSolution
		Debug|Any CPU = Debug|Any CPU
		Release|Any CPU = Release|Any CPU
	EndGlobalSection
	GlobalSection(ProjectConfigurationPlatforms) = postSolution
		{A479F202-1CC4-436E-8751-D9C804077AF7}.Debug|Any CPU.ActiveCfg = Debug|Any CPU
		{A479F202-1CC4-436E-8751-D9C804077AF7}.Debug|Any CPU.Build.0 = Debug|Any CPU
		{A479F202-1CC4-436E-8751-D9C804077AF7}.Release|Any CPU.ActiveCfg = Release|Any CPU
		{A479F202-1CC4-436E-8751-D9C804077AF7}.Release|Any CPU.Build.0 = Release|Any CPU
		{D9F0809B-A2F7-4385-B4CB-190DE57398A0}.Debug|Any CPU.ActiveCfg = Debug|Any CPU
		{D9F0809B-A2F7-4385-B4CB-190DE57398A0}.Debug|Any CPU.Build.0 = Debug|Any CPU
		{D9F0809B-A2F7-4385-B4CB-190DE57398A0}.Release|Any CPU.ActiveCfg = Release|Any CPU
		{D9F0809B-A2F7-4385-B4CB-190DE57398A0}.Release|Any CPU.Build.0 = Release|Any CPU
		{1C260331-6B67-42C8-92DA-85B109487B42}.Debug|Any CPU.ActiveCfg = Debug|Any CPU
		{1C260331-6B67-42C8-92DA-85B109487B42}.Debug|Any CPU.Build.0 = Debug|Any CPU
		{1C260331-6B67-42C8-92DA-85B109487B42}.Release|Any CPU.ActiveCfg = Release|Any CPU
		{1C260331-6B67-42C8-92DA-85B109487B42}.Release|Any CPU.Build.0 = Release|Any CPU
		{77349C1C-F748-43B6-ADAC-D5898AEC33CB}.Debug|Any CPU.ActiveCfg = Debug|Any CPU
		{77349C1C-F748-43B6-ADAC-D5898AEC33CB}.Debug|Any CPU.Build.0 = Debug|Any CPU
		{77349C1C-F748-43B6-ADAC-D5898AEC33CB}.Release|Any CPU.ActiveCfg = Release|Any CPU
		{77349C1C-F748-43B6-ADAC-D5898AEC33CB}.Release|Any CPU.Build.0 = Release|Any CPU
		{E265BA46-B3BF-426F-82A5-09BE4520E163}.Debug|Any CPU.ActiveCfg = Debug|Any CPU
		{E265BA46-B3BF-426F-82A5-09BE4520E163}.Debug|Any CPU.Build.0 = Debug|Any CPU
		{E265BA46-B3BF-426F-82A5-09BE4520E163}.Release|Any CPU.ActiveCfg = Release|Any CPU
		{E265BA46-B3BF-426F-82A5-09BE4520E163}.Release|Any CPU.Build.0 = Release|Any CPU
		{9363B56D-C438-4245-A403-098B1BC13D5E}.Debug|Any CPU.ActiveCfg = Debug|Any CPU
		{9363B56D-C438-4245-A403-098B1BC13D5E}.Debug|Any CPU.Build.0 = Debug|Any CPU
		{9363B56D-C438-4245-A403-098B1BC13D5E}.Release|Any CPU.ActiveCfg = Release|Any CPU
		{9363B56D-C438-4245-A403-098B1BC13D5E}.Release|Any CPU.Build.0 = Release|Any CPU
		{43F85904-427C-45F2-A159-FCBBD1DE21D7}.Debug|Any CPU.ActiveCfg = Debug|Any CPU
		{43F85904-427C-45F2-A159-FCBBD1DE21D7}.Debug|Any CPU.Build.0 = Debug|Any CPU
		{43F85904-427C-45F2-A159-FCBBD1DE21D7}.Release|Any CPU.ActiveCfg = Release|Any CPU
		{43F85904-427C-45F2-A159-FCBBD1DE21D7}.Release|Any CPU.Build.0 = Release|Any CPU
		{A268DF59-FD9A-403F-9A7E-3D6B1A0B0560}.Debug|Any CPU.ActiveCfg = Debug|Any CPU
		{A268DF59-FD9A-403F-9A7E-3D6B1A0B0560}.Debug|Any CPU.Build.0 = Debug|Any CPU
		{A268DF59-FD9A-403F-9A7E-3D6B1A0B0560}.Release|Any CPU.ActiveCfg = Release|Any CPU
		{A268DF59-FD9A-403F-9A7E-3D6B1A0B0560}.Release|Any CPU.Build.0 = Release|Any CPU
		{FF24242D-F348-4CD7-8BF2-F6B108A096ED}.Debug|Any CPU.ActiveCfg = Debug|Any CPU
		{FF24242D-F348-4CD7-8BF2-F6B108A096ED}.Debug|Any CPU.Build.0 = Debug|Any CPU
		{FF24242D-F348-4CD7-8BF2-F6B108A096ED}.Release|Any CPU.ActiveCfg = Release|Any CPU
		{FF24242D-F348-4CD7-8BF2-F6B108A096ED}.Release|Any CPU.Build.0 = Release|Any CPU
	EndGlobalSection
	GlobalSection(SolutionProperties) = preSolution
		HideSolutionNode = FALSE
	EndGlobalSection
	GlobalSection(NestedProjects) = preSolution
		{A479F202-1CC4-436E-8751-D9C804077AF7} = {BB1B58C2-206D-4049-ADF3-611BA45D378F}
		{D9F0809B-A2F7-4385-B4CB-190DE57398A0} = {BB1B58C2-206D-4049-ADF3-611BA45D378F}
		{1C260331-6B67-42C8-92DA-85B109487B42} = {BB1B58C2-206D-4049-ADF3-611BA45D378F}
		{BB1B58C2-206D-4049-ADF3-611BA45D378F} = {4F6CD9D6-4EA7-4672-8B74-88E72FED491F}
		{E265BA46-B3BF-426F-82A5-09BE4520E163} = {4F6CD9D6-4EA7-4672-8B74-88E72FED491F}
		{9363B56D-C438-4245-A403-098B1BC13D5E} = {4F6CD9D6-4EA7-4672-8B74-88E72FED491F}
		{43F85904-427C-45F2-A159-FCBBD1DE21D7} = {52E88F8E-A66E-4409-BF69-D5726884EAD4}
		{A268DF59-FD9A-403F-9A7E-3D6B1A0B0560} = {52E88F8E-A66E-4409-BF69-D5726884EAD4}
		{FF24242D-F348-4CD7-8BF2-F6B108A096ED} = {52E88F8E-A66E-4409-BF69-D5726884EAD4}
	EndGlobalSection
	GlobalSection(ExtensibilityGlobals) = postSolution
		SolutionGuid = {7207F920-C89F-493F-A11A-116A1827088E}
	EndGlobalSection
EndGlobal
